
Microsoft Visual Studio Solution File, Format Version 12.00
# Visual Studio Version 17
VisualStudioVersion = 17.5.33530.505
MinimumVisualStudioVersion = 10.0.40219.1
Project("{FAE04EC0-301F-11D3-BF4B-00C04F79EFBC}") = "JaggedArrays", "JaggedArrays\JaggedArrays.csproj", "{F98FC89B-A7E5-4F9D-9806-963CAF6D88DE}"
EndProject
Global
	GlobalSection(SolutionConfigurationPlatforms) = preSolution
		Debug|Any CPU = Debug|Any CPU
		Release|Any CPU = Release|Any CPU
	EndGlobalSection
	GlobalSection(ProjectConfigurationPlatforms) = postSolution
		{F98FC89B-A7E5-4F9D-9806-963CAF6D88DE}.Debug|Any CPU.ActiveCfg = Debug|Any CPU
		{F98FC89B-A7E5-4F9D-9806-963CAF6D88DE}.Debug|Any CPU.Build.0 = Debug|Any CPU
		{F98FC89B-A7E5-4F9D-9806-963CAF6D88DE}.Release|Any CPU.ActiveCfg = Release|Any CPU
		{F98FC89B-A7E5-4F9D-9806-963CAF6D88DE}.Release|Any CPU.Build.0 = Release|Any CPU
	EndGlobalSection
	GlobalSection(SolutionProperties) = preSolution
		HideSolutionNode = FALSE
	EndGlobalSection
	GlobalSection(ExtensibilityGlobals) = postSolution
		SolutionGuid = {7508DA62-48AF-4300-8FF5-5E1242E587A1}
	EndGlobalSection
EndGlobal
