
Microsoft Visual Studio Solution File, Format Version 12.00
# Visual Studio Version 17
VisualStudioVersion = 17.5.33530.505
MinimumVisualStudioVersion = 10.0.40219.1
Project("{FAE04EC0-301F-11D3-BF4B-00C04F79EFBC}") = "Arrays", "Arrays\Arrays.csproj", "{9F6821D3-CD67-42F8-82D7-0444EC1F4281}"
EndProject
Global
	GlobalSection(SolutionConfigurationPlatforms) = preSolution
		Debug|Any CPU = Debug|Any CPU
		Release|Any CPU = Release|Any CPU
	EndGlobalSection
	GlobalSection(ProjectConfigurationPlatforms) = postSolution
		{9F6821D3-CD67-42F8-82D7-0444EC1F4281}.Debug|Any CPU.ActiveCfg = Debug|Any CPU
		{9F6821D3-CD67-42F8-82D7-0444EC1F4281}.Debug|Any CPU.Build.0 = Debug|Any CPU
		{9F6821D3-CD67-42F8-82D7-0444EC1F4281}.Release|Any CPU.ActiveCfg = Release|Any CPU
		{9F6821D3-CD67-42F8-82D7-0444EC1F4281}.Release|Any CPU.Build.0 = Release|Any CPU
	EndGlobalSection
	GlobalSection(SolutionProperties) = preSolution
		HideSolutionNode = FALSE
	EndGlobalSection
	GlobalSection(ExtensibilityGlobals) = postSolution
		SolutionGuid = {5F1370A9-DE37-4105-A87C-4DF45934ECAD}
	EndGlobalSection
EndGlobal
