
Microsoft Visual Studio Solution File, Format Version 12.00
# Visual Studio Version 17
VisualStudioVersion = 17.5.33530.505
MinimumVisualStudioVersion = 10.0.40219.1
Project("{FAE04EC0-301F-11D3-BF4B-00C04F79EFBC}") = "ICE-TASK4-MEMO", "ICE-TASK4-MEMO\ICE-TASK4-MEMO.csproj", "{B8631B53-378F-40FC-9DAC-E676577FB580}"
EndProject
Global
	GlobalSection(SolutionConfigurationPlatforms) = preSolution
		Debug|Any CPU = Debug|Any CPU
		Release|Any CPU = Release|Any CPU
	EndGlobalSection
	GlobalSection(ProjectConfigurationPlatforms) = postSolution
		{B8631B53-378F-40FC-9DAC-E676577FB580}.Debug|Any CPU.ActiveCfg = Debug|Any CPU
		{B8631B53-378F-40FC-9DAC-E676577FB580}.Debug|Any CPU.Build.0 = Debug|Any CPU
		{B8631B53-378F-40FC-9DAC-E676577FB580}.Release|Any CPU.ActiveCfg = Release|Any CPU
		{B8631B53-378F-40FC-9DAC-E676577FB580}.Release|Any CPU.Build.0 = Release|Any CPU
	EndGlobalSection
	GlobalSection(SolutionProperties) = preSolution
		HideSolutionNode = FALSE
	EndGlobalSection
	GlobalSection(ExtensibilityGlobals) = postSolution
		SolutionGuid = {86BC61DD-68BC-4B09-9704-48F0E60C1C5F}
	EndGlobalSection
EndGlobal
