
Microsoft Visual Studio Solution File, Format Version 12.00
# Visual Studio Version 17
VisualStudioVersion = 17.5.33530.505
MinimumVisualStudioVersion = 10.0.40219.1
Project("{FAE04EC0-301F-11D3-BF4B-00C04F79EFBC}") = "UsingDictionary", "UsingDictionary\UsingDictionary.csproj", "{91AD2C5E-D856-49A7-BA8F-18C7F24D390E}"
EndProject
Global
	GlobalSection(SolutionConfigurationPlatforms) = preSolution
		Debug|Any CPU = Debug|Any CPU
		Release|Any CPU = Release|Any CPU
	EndGlobalSection
	GlobalSection(ProjectConfigurationPlatforms) = postSolution
		{91AD2C5E-D856-49A7-BA8F-18C7F24D390E}.Debug|Any CPU.ActiveCfg = Debug|Any CPU
		{91AD2C5E-D856-49A7-BA8F-18C7F24D390E}.Debug|Any CPU.Build.0 = Debug|Any CPU
		{91AD2C5E-D856-49A7-BA8F-18C7F24D390E}.Release|Any CPU.ActiveCfg = Release|Any CPU
		{91AD2C5E-D856-49A7-BA8F-18C7F24D390E}.Release|Any CPU.Build.0 = Release|Any CPU
	EndGlobalSection
	GlobalSection(SolutionProperties) = preSolution
		HideSolutionNode = FALSE
	EndGlobalSection
	GlobalSection(ExtensibilityGlobals) = postSolution
		SolutionGuid = {5BA189DD-2E4A-469B-B2C4-EA8665C9CC9D}
	EndGlobalSection
EndGlobal
